
Microsoft Visual Studio Solution File, Format Version 12.00
# Visual Studio Version 17
VisualStudioVersion = 17.3.32825.248
MinimumVisualStudioVersion = 10.0.40219.1
Project("{9A19103F-16F7-4668-BE54-9A1E7A4F7556}") = "HidePathInExceptions", "HidePathInExceptions\HidePathInExceptions.csproj", "{A1BC692F-2513-4606-B266-29F8018E27AC}"
EndProject
Project("{2150E333-8FDC-42A3-9474-1A3956D46DE8}") = "Solution Items", "Solution Items", "{D9AE97AD-1FB3-43D0-834C-3DE44B748779}"
	ProjectSection(SolutionItems) = preProject
		readme.md = readme.md
		Stash.txt = Stash.txt
	EndProjectSection
EndProject
Project("{9A19103F-16F7-4668-BE54-9A1E7A4F7556}") = "BasicLogging1", "BasicLogging1\BasicLogging1.csproj", "{3B6EC42A-F0E8-4AAA-B78F-16A2D2DEE342}"
EndProject
Project("{2150E333-8FDC-42A3-9474-1A3956D46DE8}") = "Console projects", "Console projects", "{F9B6F1A8-5124-4561-9DEC-6D9A36A89A72}"
EndProject
Project("{2150E333-8FDC-42A3-9474-1A3956D46DE8}") = "Web projects", "Web projects", "{3D6043FE-BBF6-40C5-B5F0-4DFB2FDA9CA9}"
EndProject
Project("{9A19103F-16F7-4668-BE54-9A1E7A4F7556}") = "MultipleSubmitButtons2", "MutilpleSubmitButtons2\MultipleSubmitButtons2.csproj", "{197964F9-B606-4413-A625-B341C3AAC781}"
EndProject
Project("{9A19103F-16F7-4668-BE54-9A1E7A4F7556}") = "WriteSeparateFromEfCore", "WriteSeparateFromEfCore\WriteSeparateFromEfCore.csproj", "{523D75B1-8A46-4394-9978-E6B06B6298C7}"
EndProject
Project("{9A19103F-16F7-4668-BE54-9A1E7A4F7556}") = "SeriLogLibrary", "SeriLogLibrary\SeriLogLibrary.csproj", "{278CFD0F-07FB-4D3F-AE05-BBDD4EEC636F}"
EndProject
Project("{2150E333-8FDC-42A3-9474-1A3956D46DE8}") = "Class projects", "Class projects", "{5ADD02E8-12CB-4191-8EC1-C0FB0750BA6B}"
EndProject
Project("{9A19103F-16F7-4668-BE54-9A1E7A4F7556}") = "WriteToNotePadApp", "WriteToNotePadApp\WriteToNotePadApp.csproj", "{19A3E9E4-F2A5-4C6F-94C8-0D6CC1E42A36}"
EndProject
Project("{9A19103F-16F7-4668-BE54-9A1E7A4F7556}") = "CustomLogEventFormatterDemo", "CustomLogEventFormatterDemo\CustomLogEventFormatterDemo.csproj", "{F11DC1FF-39AE-4148-B26B-0BCF35F25B5F}"
EndProject
Project("{9A19103F-16F7-4668-BE54-9A1E7A4F7556}") = "SqlServerSink", "SqlServerSink\SqlServerSink.csproj", "{E42012C4-178A-4D03-892C-C2EAA04BB70C}"
EndProject
Project("{9A19103F-16F7-4668-BE54-9A1E7A4F7556}") = "ConditionalLogging", "ConditionalLogging\ConditionalLogging.csproj", "{B1B76996-944E-4870-A6AF-8FF0E4072533}"
EndProject
Project("{9A19103F-16F7-4668-BE54-9A1E7A4F7556}") = "ConditionalLoggingToggle", "ConditionalLoggingToggle\ConditionalLoggingToggle.csproj", "{96C2BE92-F0F5-4EC4-801C-33EC9BC73BAF}"
EndProject
Project("{2150E333-8FDC-42A3-9474-1A3956D46DE8}") = "Windows forms", "Windows forms", "{2A9A4C72-5FF0-498D-83C6-01FEF3BD9138}"
EndProject
Project("{9A19103F-16F7-4668-BE54-9A1E7A4F7556}") = "CreateDynamicControlsCore", "CreateDynamicControlsCore\CreateDynamicControlsCore.csproj", "{7DBB6BD6-F50D-4EDD-9406-CAC5B1C63B13}"
EndProject
Project("{9A19103F-16F7-4668-BE54-9A1E7A4F7556}") = "LogForContext", "LogForContext\LogForContext.csproj", "{E3F7689C-6200-463E-8FB3-5F99509D4C37}"
EndProject
Project("{9A19103F-16F7-4668-BE54-9A1E7A4F7556}") = "SerilogCustomLogColors", "SerilogCustomLogColors\SerilogCustomLogColors.csproj", "{6EFBBA7C-49A2-4409-A49E-E12074FAF4ED}"
EndProject
Project("{9A19103F-16F7-4668-BE54-9A1E7A4F7556}") = "CommandLineArguments", "CommandLineArguments\CommandLineArguments.csproj", "{D313B7AD-A093-4473-8CCE-35959F8AD4BB}"
EndProject
Project("{2150E333-8FDC-42A3-9474-1A3956D46DE8}") = "EF Core", "EF Core", "{18C7BF46-34D6-4735-8C96-DB55E58F2797}"
EndProject
Project("{9A19103F-16F7-4668-BE54-9A1E7A4F7556}") = "EF_Core1", "EF_Core1\EF_Core1.csproj", "{5AB7C978-E50F-42D7-9648-B3251AD3A620}"
EndProject
Global
	GlobalSection(SolutionConfigurationPlatforms) = preSolution
		Debug|Any CPU = Debug|Any CPU
		Release|Any CPU = Release|Any CPU
	EndGlobalSection
	GlobalSection(ProjectConfigurationPlatforms) = postSolution
		{A1BC692F-2513-4606-B266-29F8018E27AC}.Debug|Any CPU.ActiveCfg = Debug|Any CPU
		{A1BC692F-2513-4606-B266-29F8018E27AC}.Debug|Any CPU.Build.0 = Debug|Any CPU
		{A1BC692F-2513-4606-B266-29F8018E27AC}.Release|Any CPU.ActiveCfg = Release|Any CPU
		{A1BC692F-2513-4606-B266-29F8018E27AC}.Release|Any CPU.Build.0 = Release|Any CPU
		{3B6EC42A-F0E8-4AAA-B78F-16A2D2DEE342}.Debug|Any CPU.ActiveCfg = Debug|Any CPU
		{3B6EC42A-F0E8-4AAA-B78F-16A2D2DEE342}.Debug|Any CPU.Build.0 = Debug|Any CPU
		{3B6EC42A-F0E8-4AAA-B78F-16A2D2DEE342}.Release|Any CPU.ActiveCfg = Release|Any CPU
		{3B6EC42A-F0E8-4AAA-B78F-16A2D2DEE342}.Release|Any CPU.Build.0 = Release|Any CPU
		{197964F9-B606-4413-A625-B341C3AAC781}.Debug|Any CPU.ActiveCfg = Debug|Any CPU
		{197964F9-B606-4413-A625-B341C3AAC781}.Debug|Any CPU.Build.0 = Debug|Any CPU
		{197964F9-B606-4413-A625-B341C3AAC781}.Release|Any CPU.ActiveCfg = Release|Any CPU
		{197964F9-B606-4413-A625-B341C3AAC781}.Release|Any CPU.Build.0 = Release|Any CPU
		{523D75B1-8A46-4394-9978-E6B06B6298C7}.Debug|Any CPU.ActiveCfg = Debug|Any CPU
		{523D75B1-8A46-4394-9978-E6B06B6298C7}.Debug|Any CPU.Build.0 = Debug|Any CPU
		{523D75B1-8A46-4394-9978-E6B06B6298C7}.Release|Any CPU.ActiveCfg = Release|Any CPU
		{523D75B1-8A46-4394-9978-E6B06B6298C7}.Release|Any CPU.Build.0 = Release|Any CPU
		{278CFD0F-07FB-4D3F-AE05-BBDD4EEC636F}.Debug|Any CPU.ActiveCfg = Debug|Any CPU
		{278CFD0F-07FB-4D3F-AE05-BBDD4EEC636F}.Debug|Any CPU.Build.0 = Debug|Any CPU
		{278CFD0F-07FB-4D3F-AE05-BBDD4EEC636F}.Release|Any CPU.ActiveCfg = Release|Any CPU
		{278CFD0F-07FB-4D3F-AE05-BBDD4EEC636F}.Release|Any CPU.Build.0 = Release|Any CPU
		{19A3E9E4-F2A5-4C6F-94C8-0D6CC1E42A36}.Debug|Any CPU.ActiveCfg = Debug|Any CPU
		{19A3E9E4-F2A5-4C6F-94C8-0D6CC1E42A36}.Debug|Any CPU.Build.0 = Debug|Any CPU
		{19A3E9E4-F2A5-4C6F-94C8-0D6CC1E42A36}.Release|Any CPU.ActiveCfg = Release|Any CPU
		{19A3E9E4-F2A5-4C6F-94C8-0D6CC1E42A36}.Release|Any CPU.Build.0 = Release|Any CPU
		{F11DC1FF-39AE-4148-B26B-0BCF35F25B5F}.Debug|Any CPU.ActiveCfg = Debug|Any CPU
		{F11DC1FF-39AE-4148-B26B-0BCF35F25B5F}.Debug|Any CPU.Build.0 = Debug|Any CPU
		{F11DC1FF-39AE-4148-B26B-0BCF35F25B5F}.Release|Any CPU.ActiveCfg = Release|Any CPU
		{F11DC1FF-39AE-4148-B26B-0BCF35F25B5F}.Release|Any CPU.Build.0 = Release|Any CPU
		{E42012C4-178A-4D03-892C-C2EAA04BB70C}.Debug|Any CPU.ActiveCfg = Debug|Any CPU
		{E42012C4-178A-4D03-892C-C2EAA04BB70C}.Debug|Any CPU.Build.0 = Debug|Any CPU
		{E42012C4-178A-4D03-892C-C2EAA04BB70C}.Release|Any CPU.ActiveCfg = Release|Any CPU
		{E42012C4-178A-4D03-892C-C2EAA04BB70C}.Release|Any CPU.Build.0 = Release|Any CPU
		{B1B76996-944E-4870-A6AF-8FF0E4072533}.Debug|Any CPU.ActiveCfg = Debug|Any CPU
		{B1B76996-944E-4870-A6AF-8FF0E4072533}.Debug|Any CPU.Build.0 = Debug|Any CPU
		{B1B76996-944E-4870-A6AF-8FF0E4072533}.Release|Any CPU.ActiveCfg = Release|Any CPU
		{B1B76996-944E-4870-A6AF-8FF0E4072533}.Release|Any CPU.Build.0 = Release|Any CPU
		{96C2BE92-F0F5-4EC4-801C-33EC9BC73BAF}.Debug|Any CPU.ActiveCfg = Debug|Any CPU
		{96C2BE92-F0F5-4EC4-801C-33EC9BC73BAF}.Debug|Any CPU.Build.0 = Debug|Any CPU
		{96C2BE92-F0F5-4EC4-801C-33EC9BC73BAF}.Release|Any CPU.ActiveCfg = Release|Any CPU
		{96C2BE92-F0F5-4EC4-801C-33EC9BC73BAF}.Release|Any CPU.Build.0 = Release|Any CPU
		{7DBB6BD6-F50D-4EDD-9406-CAC5B1C63B13}.Debug|Any CPU.ActiveCfg = Debug|Any CPU
		{7DBB6BD6-F50D-4EDD-9406-CAC5B1C63B13}.Debug|Any CPU.Build.0 = Debug|Any CPU
		{7DBB6BD6-F50D-4EDD-9406-CAC5B1C63B13}.Release|Any CPU.ActiveCfg = Release|Any CPU
		{7DBB6BD6-F50D-4EDD-9406-CAC5B1C63B13}.Release|Any CPU.Build.0 = Release|Any CPU
		{E3F7689C-6200-463E-8FB3-5F99509D4C37}.Debug|Any CPU.ActiveCfg = Debug|Any CPU
		{E3F7689C-6200-463E-8FB3-5F99509D4C37}.Debug|Any CPU.Build.0 = Debug|Any CPU
		{E3F7689C-6200-463E-8FB3-5F99509D4C37}.Release|Any CPU.ActiveCfg = Release|Any CPU
		{E3F7689C-6200-463E-8FB3-5F99509D4C37}.Release|Any CPU.Build.0 = Release|Any CPU
		{6EFBBA7C-49A2-4409-A49E-E12074FAF4ED}.Debug|Any CPU.ActiveCfg = Debug|Any CPU
		{6EFBBA7C-49A2-4409-A49E-E12074FAF4ED}.Debug|Any CPU.Build.0 = Debug|Any CPU
		{6EFBBA7C-49A2-4409-A49E-E12074FAF4ED}.Release|Any CPU.ActiveCfg = Release|Any CPU
		{6EFBBA7C-49A2-4409-A49E-E12074FAF4ED}.Release|Any CPU.Build.0 = Release|Any CPU
		{D313B7AD-A093-4473-8CCE-35959F8AD4BB}.Debug|Any CPU.ActiveCfg = Debug|Any CPU
		{D313B7AD-A093-4473-8CCE-35959F8AD4BB}.Debug|Any CPU.Build.0 = Debug|Any CPU
		{D313B7AD-A093-4473-8CCE-35959F8AD4BB}.Release|Any CPU.ActiveCfg = Release|Any CPU
		{D313B7AD-A093-4473-8CCE-35959F8AD4BB}.Release|Any CPU.Build.0 = Release|Any CPU
		{5AB7C978-E50F-42D7-9648-B3251AD3A620}.Debug|Any CPU.ActiveCfg = Debug|Any CPU
		{5AB7C978-E50F-42D7-9648-B3251AD3A620}.Debug|Any CPU.Build.0 = Debug|Any CPU
		{5AB7C978-E50F-42D7-9648-B3251AD3A620}.Release|Any CPU.ActiveCfg = Release|Any CPU
		{5AB7C978-E50F-42D7-9648-B3251AD3A620}.Release|Any CPU.Build.0 = Release|Any CPU
	EndGlobalSection
	GlobalSection(SolutionProperties) = preSolution
		HideSolutionNode = FALSE
	EndGlobalSection
	GlobalSection(NestedProjects) = preSolution
		{A1BC692F-2513-4606-B266-29F8018E27AC} = {F9B6F1A8-5124-4561-9DEC-6D9A36A89A72}
		{3B6EC42A-F0E8-4AAA-B78F-16A2D2DEE342} = {F9B6F1A8-5124-4561-9DEC-6D9A36A89A72}
		{197964F9-B606-4413-A625-B341C3AAC781} = {3D6043FE-BBF6-40C5-B5F0-4DFB2FDA9CA9}
		{523D75B1-8A46-4394-9978-E6B06B6298C7} = {18C7BF46-34D6-4735-8C96-DB55E58F2797}
		{278CFD0F-07FB-4D3F-AE05-BBDD4EEC636F} = {5ADD02E8-12CB-4191-8EC1-C0FB0750BA6B}
		{19A3E9E4-F2A5-4C6F-94C8-0D6CC1E42A36} = {F9B6F1A8-5124-4561-9DEC-6D9A36A89A72}
		{F11DC1FF-39AE-4148-B26B-0BCF35F25B5F} = {F9B6F1A8-5124-4561-9DEC-6D9A36A89A72}
		{E42012C4-178A-4D03-892C-C2EAA04BB70C} = {F9B6F1A8-5124-4561-9DEC-6D9A36A89A72}
		{B1B76996-944E-4870-A6AF-8FF0E4072533} = {F9B6F1A8-5124-4561-9DEC-6D9A36A89A72}
		{96C2BE92-F0F5-4EC4-801C-33EC9BC73BAF} = {F9B6F1A8-5124-4561-9DEC-6D9A36A89A72}
		{7DBB6BD6-F50D-4EDD-9406-CAC5B1C63B13} = {2A9A4C72-5FF0-498D-83C6-01FEF3BD9138}
		{E3F7689C-6200-463E-8FB3-5F99509D4C37} = {F9B6F1A8-5124-4561-9DEC-6D9A36A89A72}
		{6EFBBA7C-49A2-4409-A49E-E12074FAF4ED} = {3D6043FE-BBF6-40C5-B5F0-4DFB2FDA9CA9}
		{D313B7AD-A093-4473-8CCE-35959F8AD4BB} = {3D6043FE-BBF6-40C5-B5F0-4DFB2FDA9CA9}
		{18C7BF46-34D6-4735-8C96-DB55E58F2797} = {3D6043FE-BBF6-40C5-B5F0-4DFB2FDA9CA9}
		{5AB7C978-E50F-42D7-9648-B3251AD3A620} = {18C7BF46-34D6-4735-8C96-DB55E58F2797}
	EndGlobalSection
	GlobalSection(ExtensibilityGlobals) = postSolution
		SolutionGuid = {20C28C71-F936-4E8F-AA46-D277BEE96A65}
	EndGlobalSection
EndGlobal
